
Microsoft Visual Studio Solution File, Format Version 12.00
# Visual Studio Version 17
VisualStudioVersion = 17.0.32014.148
MinimumVisualStudioVersion = 10.0.40219.1
Project("{9A19103F-16F7-4668-BE54-9A1E7A4F7556}") = "WorksAtHome.Drafts", "WorksAtHome.Drafts\WorksAtHome.Drafts.csproj", "{20881445-A49B-42BB-9FEF-7077EEB3BEE0}"
EndProject
Project("{FAE04EC0-301F-11D3-BF4B-00C04F79EFBC}") = "ConsoleApp.Task6", "ConsoleApp.Task6\ConsoleApp.Task6.csproj", "{7C55C0A3-DDC5-45E3-A903-8B2870D00DDD}"
EndProject
Global
	GlobalSection(SolutionConfigurationPlatforms) = preSolution
		Debug|Any CPU = Debug|Any CPU
		Release|Any CPU = Release|Any CPU
	EndGlobalSection
	GlobalSection(ProjectConfigurationPlatforms) = postSolution
		{20881445-A49B-42BB-9FEF-7077EEB3BEE0}.Debug|Any CPU.ActiveCfg = Debug|Any CPU
		{20881445-A49B-42BB-9FEF-7077EEB3BEE0}.Debug|Any CPU.Build.0 = Debug|Any CPU
		{20881445-A49B-42BB-9FEF-7077EEB3BEE0}.Release|Any CPU.ActiveCfg = Release|Any CPU
		{20881445-A49B-42BB-9FEF-7077EEB3BEE0}.Release|Any CPU.Build.0 = Release|Any CPU
		{7C55C0A3-DDC5-45E3-A903-8B2870D00DDD}.Debug|Any CPU.ActiveCfg = Debug|Any CPU
		{7C55C0A3-DDC5-45E3-A903-8B2870D00DDD}.Debug|Any CPU.Build.0 = Debug|Any CPU
		{7C55C0A3-DDC5-45E3-A903-8B2870D00DDD}.Release|Any CPU.ActiveCfg = Release|Any CPU
		{7C55C0A3-DDC5-45E3-A903-8B2870D00DDD}.Release|Any CPU.Build.0 = Release|Any CPU
	EndGlobalSection
	GlobalSection(SolutionProperties) = preSolution
		HideSolutionNode = FALSE
	EndGlobalSection
	GlobalSection(ExtensibilityGlobals) = postSolution
		SolutionGuid = {21DCBF5B-22DC-497E-8796-580392AF8DD1}
	EndGlobalSection
EndGlobal
